
Microsoft Visual Studio Solution File, Format Version 12.00
# Visual Studio 2012
# Clarion 2.1.0.2447
Project("{12B76EC0-1D7B-4FA7-A7D0-C524288B48A1}") = "DownloadFile", "DownloadFile.cwproj", "{142D923C-50CB-4373-8F3B-8C04655950C5}"
EndProject
Global
	GlobalSection(SolutionConfigurationPlatforms) = preSolution
		Debug|Win32 = Debug|Win32
		Release|Win32 = Release|Win32
	EndGlobalSection
	GlobalSection(ProjectConfigurationPlatforms) = postSolution
		{142D923C-50CB-4373-8F3B-8C04655950C5}.Debug|Win32.Build.0 = Debug|Win32
		{142D923C-50CB-4373-8F3B-8C04655950C5}.Debug|Win32.ActiveCfg = Debug|Win32
		{142D923C-50CB-4373-8F3B-8C04655950C5}.Release|Win32.Build.0 = Release|Win32
		{142D923C-50CB-4373-8F3B-8C04655950C5}.Release|Win32.ActiveCfg = Release|Win32
	EndGlobalSection
EndGlobal
