
Microsoft Visual Studio Solution File, Format Version 12.00
# Visual Studio 2012
# Clarion 2.1.0.2447
Project("{12B76EC0-1D7B-4FA7-A7D0-C524288B48A1}") = "test", "test.cwproj", "{A7ECDF67-F9C2-41E2-9829-EA32761195EC}"
EndProject
Global
	GlobalSection(SolutionConfigurationPlatforms) = preSolution
		Debug|Win32 = Debug|Win32
		Release|Win32 = Release|Win32
	EndGlobalSection
	GlobalSection(ProjectConfigurationPlatforms) = postSolution
		{A7ECDF67-F9C2-41E2-9829-EA32761195EC}.Debug|Win32.Build.0 = Debug|Win32
		{A7ECDF67-F9C2-41E2-9829-EA32761195EC}.Debug|Win32.ActiveCfg = Debug|Win32
		{A7ECDF67-F9C2-41E2-9829-EA32761195EC}.Release|Win32.Build.0 = Release|Win32
		{A7ECDF67-F9C2-41E2-9829-EA32761195EC}.Release|Win32.ActiveCfg = Release|Win32
	EndGlobalSection
EndGlobal
