
Microsoft Visual Studio Solution File, Format Version 12.00
# Visual Studio 2012
# Clarion 2.1.0.2447
Project("{12B76EC0-1D7B-4FA7-A7D0-C524288B48A1}") = "ReceiveMail", "ReceiveMail.cwproj", "{911A750E-CB22-48F7-881C-68527F04A96C}"
EndProject
Global
	GlobalSection(SolutionConfigurationPlatforms) = preSolution
		Debug|Win32 = Debug|Win32
		Release|Win32 = Release|Win32
	EndGlobalSection
	GlobalSection(ProjectConfigurationPlatforms) = postSolution
		{911A750E-CB22-48F7-881C-68527F04A96C}.Debug|Win32.Build.0 = Debug|Win32
		{911A750E-CB22-48F7-881C-68527F04A96C}.Debug|Win32.ActiveCfg = Debug|Win32
		{911A750E-CB22-48F7-881C-68527F04A96C}.Release|Win32.Build.0 = Release|Win32
		{911A750E-CB22-48F7-881C-68527F04A96C}.Release|Win32.ActiveCfg = Release|Win32
	EndGlobalSection
EndGlobal
